
Microsoft Visual Studio Solution File, Format Version 12.00
# Visual Studio Version 16
VisualStudioVersion = 16.0.31112.23
MinimumVisualStudioVersion = 10.0.40219.1
Project("{9A19103F-16F7-4668-BE54-9A1E7A4F7556}") = "VirtualAssistant.Server", "VirtualAssistant\Server\VirtualAssistant.Server.csproj", "{3CC822B1-2359-4F89-9037-8793265F82EE}"
EndProject
Project("{9A19103F-16F7-4668-BE54-9A1E7A4F7556}") = "VirtualAssistant.Client", "VirtualAssistant\Client\VirtualAssistant.Client.csproj", "{F7CC4FFF-679F-40DA-A27F-15F720C92A5B}"
EndProject
Project("{9A19103F-16F7-4668-BE54-9A1E7A4F7556}") = "VirtualAssistant.Shared", "VirtualAssistant\Shared\VirtualAssistant.Shared.csproj", "{CBFB6B69-12A0-41DE-B47D-695FEEB8F753}"
EndProject
Global
	GlobalSection(SolutionConfigurationPlatforms) = preSolution
		Debug|Any CPU = Debug|Any CPU
		Release|Any CPU = Release|Any CPU
	EndGlobalSection
	GlobalSection(ProjectConfigurationPlatforms) = postSolution
		{3CC822B1-2359-4F89-9037-8793265F82EE}.Debug|Any CPU.ActiveCfg = Debug|Any CPU
		{3CC822B1-2359-4F89-9037-8793265F82EE}.Debug|Any CPU.Build.0 = Debug|Any CPU
		{3CC822B1-2359-4F89-9037-8793265F82EE}.Release|Any CPU.ActiveCfg = Release|Any CPU
		{3CC822B1-2359-4F89-9037-8793265F82EE}.Release|Any CPU.Build.0 = Release|Any CPU
		{F7CC4FFF-679F-40DA-A27F-15F720C92A5B}.Debug|Any CPU.ActiveCfg = Debug|Any CPU
		{F7CC4FFF-679F-40DA-A27F-15F720C92A5B}.Debug|Any CPU.Build.0 = Debug|Any CPU
		{F7CC4FFF-679F-40DA-A27F-15F720C92A5B}.Release|Any CPU.ActiveCfg = Release|Any CPU
		{F7CC4FFF-679F-40DA-A27F-15F720C92A5B}.Release|Any CPU.Build.0 = Release|Any CPU
		{CBFB6B69-12A0-41DE-B47D-695FEEB8F753}.Debug|Any CPU.ActiveCfg = Debug|Any CPU
		{CBFB6B69-12A0-41DE-B47D-695FEEB8F753}.Debug|Any CPU.Build.0 = Debug|Any CPU
		{CBFB6B69-12A0-41DE-B47D-695FEEB8F753}.Release|Any CPU.ActiveCfg = Release|Any CPU
		{CBFB6B69-12A0-41DE-B47D-695FEEB8F753}.Release|Any CPU.Build.0 = Release|Any CPU
	EndGlobalSection
	GlobalSection(SolutionProperties) = preSolution
		HideSolutionNode = FALSE
	EndGlobalSection
	GlobalSection(ExtensibilityGlobals) = postSolution
		SolutionGuid = {DE90C65D-6F07-4731-8D09-D7F01E4A00E2}
	EndGlobalSection
EndGlobal
